PODS:
  - KIF (3.11.3):
    - KIF/Core (= 3.11.3)
  - KIF/Core (3.11.3)
  - KIF/IdentifierTests (3.11.3):
    - KIF/Core
  - Swerkin (0.0.5):
    - KIF
    - KIF/IdentifierTests

DEPENDENCIES:
  - KIF (= 3.11.3)
  - KIF/IdentifierTests (= 3.11.3)
  - Swerkin (from `../`)

SPEC REPOS:
  trunk:
    - KIF

EXTERNAL SOURCES:
  Swerkin:
    :path: "../"

SPEC CHECKSUMS:
  KIF: f098639e26b8240bc917e4c050daf29a3c3a8c15
  Swerkin: 6278d4ecae6e6515a8c8ac9913120ef0f43b39f5

PODFILE CHECKSUM: 66ee5c4d1d95dfabaf1bea04f6c7e33dd6d44bfb

COCOAPODS: 1.16.2
