PODS:
  - KIF (3.10.0):
    - KIF/Core (= 3.10.0)
  - KIF/Core (3.10.0)
  - KIF/IdentifierTests (3.10.0):
    - KIF/Core
  - Swerkin (0.0.3):
    - KIF
    - KIF/IdentifierTests

DEPENDENCIES:
  - KIF (= 3.10.0)
  - KIF/IdentifierTests (= 3.10.0)
  - Swerkin (from `../`)

SPEC REPOS:
  trunk:
    - KIF

EXTERNAL SOURCES:
  Swerkin:
    :path: "../"

SPEC CHECKSUMS:
  KIF: e0d42181aac4f5de06aa986ccf514588ab4ffe2f
  Swerkin: 1c421d673317d43e367ac946ed6af7f69fd189a4

PODFILE CHECKSUM: 4304a7e0a151528cf01b87142c55fd34a5db7177

COCOAPODS: 1.14.3
