PODS:
  - KIF (3.11.0):
    - KIF/Core (= 3.11.0)
  - KIF/Core (3.11.0)
  - KIF/IdentifierTests (3.11.0):
    - KIF/Core
  - Swerkin (0.0.3):
    - KIF
    - KIF/IdentifierTests

DEPENDENCIES:
  - KIF (from `https://github.com/kif-framework/KIF.git`, branch `master`)
  - KIF/IdentifierTests (from `https://github.com/kif-framework/KIF.git`, branch `master`)
  - Swerkin (from `../`)

EXTERNAL SOURCES:
  KIF:
    :branch: master
    :git: https://github.com/kif-framework/KIF.git
  Swerkin:
    :path: "../"

CHECKOUT OPTIONS:
  KIF:
    :commit: f32e4df2cc91977e003205dd5a5e1a190db038b4
    :git: https://github.com/kif-framework/KIF.git

SPEC CHECKSUMS:
  KIF: 329ddfca305b098a2bff31b956a0fd22be757b9c
  Swerkin: 603131bf54216212b7f8b2b3ff18300a96c7c952

PODFILE CHECKSUM: b4973e189731baf4f37135cd6f4adbbd40af5b86

COCOAPODS: 1.16.2
