{
  "object": {
    "pins": [
      {
        "package": "KIF",
        "repositoryURL": "https://github.com/kif-framework/KIF.git",
        "state": {
          "branch": null,
          "revision": "0e29a2a82966ea71727d9f6cea1ee6e054d6e824",
          "version": "3.12.3"
        }
      }
    ]
  },
  "version": 1
}
