{
  "object": {
    "pins": [
      {
        "package": "KIF",
        "repositoryURL": "https://github.com/kif-framework/KIF.git",
        "state": {
          "branch": "master",
          "revision": "f32e4df2cc91977e003205dd5a5e1a190db038b4",
          "version": null
        }
      }
    ]
  },
  "version": 1
}
